
Microsoft Visual Studio Solution File, Format Version 12.00
# Visual Studio 15
VisualStudioVersion = 15.0.28010.2046
MinimumVisualStudioVersion = 10.0.40219.1
Project("{FAE04EC0-301F-11D3-BF4B-00C04F79EFBC}") = "BindData", "BindData\BindData.csproj", "{B8A7DE2A-872D-4066-AE71-FE79E33C7FD5}"
EndProject
Project("{FAE04EC0-301F-11D3-BF4B-00C04F79EFBC}") = "FakeNews", "FakeNews\FakeNews.csproj", "{D13B2B95-49CA-49E7-82B3-F6A3DCBB5A2F}"
EndProject
Project("{FAE04EC0-301F-11D3-BF4B-00C04F79EFBC}") = "ObservableCollectionDemo", "ObservableCollectionDemo\ObservableCollectionDemo.csproj", "{32F1A0DA-320E-401C-ABAB-4573202FE478}"
EndProject
Project("{FAE04EC0-301F-11D3-BF4B-00C04F79EFBC}") = "ObservableCollectionExample", "ObservableCollectionExample\ObservableCollectionExample.csproj", "{B1FCA5D9-A67E-456C-AE56-3CEBAAF9E3BA}"
EndProject
Project("{FAE04EC0-301F-11D3-BF4B-00C04F79EFBC}") = "UWPSoundBoard", "UWPSoundBoard\UWPSoundBoard.csproj", "{D81C7F78-80C1-4AFC-9B8A-36D29C726AC9}"
EndProject
Project("{FAE04EC0-301F-11D3-BF4B-00C04F79EFBC}") = "YoutubeApp", "YoutubeApp\YoutubeApp.csproj", "{D1F0311D-43BB-407B-8CB2-22DF3756E510}"
EndProject
Project("{FAE04EC0-301F-11D3-BF4B-00C04F79EFBC}") = "WeatherApp", "WeatherApp\WeatherApp.csproj", "{CD79F954-D2A0-4E5E-95EE-E46273AF9B0A}"
EndProject
Project("{FAE04EC0-301F-11D3-BF4B-00C04F79EFBC}") = "WeatherSplitview", "WeatherSplitview\WeatherSplitview.csproj", "{972BD4F5-C294-40C8-8307-486CD5979F86}"
EndProject
Project("{FAE04EC0-301F-11D3-BF4B-00C04F79EFBC}") = "Asm", "Asm\Asm.csproj", "{A3126C0A-0530-4BB6-A0E5-1565EAAB3CD2}"
EndProject
Global
	GlobalSection(SolutionConfigurationPlatforms) = preSolution
		Debug|ARM = Debug|ARM
		Debug|x64 = Debug|x64
		Debug|x86 = Debug|x86
		Release|ARM = Release|ARM
		Release|x64 = Release|x64
		Release|x86 = Release|x86
	EndGlobalSection
	GlobalSection(ProjectConfigurationPlatforms) = postSolution
		{B8A7DE2A-872D-4066-AE71-FE79E33C7FD5}.Debug|ARM.ActiveCfg = Debug|ARM
		{B8A7DE2A-872D-4066-AE71-FE79E33C7FD5}.Debug|ARM.Build.0 = Debug|ARM
		{B8A7DE2A-872D-4066-AE71-FE79E33C7FD5}.Debug|ARM.Deploy.0 = Debug|ARM
		{B8A7DE2A-872D-4066-AE71-FE79E33C7FD5}.Debug|x64.ActiveCfg = Debug|x64
		{B8A7DE2A-872D-4066-AE71-FE79E33C7FD5}.Debug|x64.Build.0 = Debug|x64
		{B8A7DE2A-872D-4066-AE71-FE79E33C7FD5}.Debug|x64.Deploy.0 = Debug|x64
		{B8A7DE2A-872D-4066-AE71-FE79E33C7FD5}.Debug|x86.ActiveCfg = Debug|x86
		{B8A7DE2A-872D-4066-AE71-FE79E33C7FD5}.Debug|x86.Build.0 = Debug|x86
		{B8A7DE2A-872D-4066-AE71-FE79E33C7FD5}.Debug|x86.Deploy.0 = Debug|x86
		{B8A7DE2A-872D-4066-AE71-FE79E33C7FD5}.Release|ARM.ActiveCfg = Release|ARM
		{B8A7DE2A-872D-4066-AE71-FE79E33C7FD5}.Release|ARM.Build.0 = Release|ARM
		{B8A7DE2A-872D-4066-AE71-FE79E33C7FD5}.Release|ARM.Deploy.0 = Release|ARM
		{B8A7DE2A-872D-4066-AE71-FE79E33C7FD5}.Release|x64.ActiveCfg = Release|x64
		{B8A7DE2A-872D-4066-AE71-FE79E33C7FD5}.Release|x64.Build.0 = Release|x64
		{B8A7DE2A-872D-4066-AE71-FE79E33C7FD5}.Release|x64.Deploy.0 = Release|x64
		{B8A7DE2A-872D-4066-AE71-FE79E33C7FD5}.Release|x86.ActiveCfg = Release|x86
		{B8A7DE2A-872D-4066-AE71-FE79E33C7FD5}.Release|x86.Build.0 = Release|x86
		{B8A7DE2A-872D-4066-AE71-FE79E33C7FD5}.Release|x86.Deploy.0 = Release|x86
		{D13B2B95-49CA-49E7-82B3-F6A3DCBB5A2F}.Debug|ARM.ActiveCfg = Debug|ARM
		{D13B2B95-49CA-49E7-82B3-F6A3DCBB5A2F}.Debug|ARM.Build.0 = Debug|ARM
		{D13B2B95-49CA-49E7-82B3-F6A3DCBB5A2F}.Debug|ARM.Deploy.0 = Debug|ARM
		{D13B2B95-49CA-49E7-82B3-F6A3DCBB5A2F}.Debug|x64.ActiveCfg = Debug|x64
		{D13B2B95-49CA-49E7-82B3-F6A3DCBB5A2F}.Debug|x64.Build.0 = Debug|x64
		{D13B2B95-49CA-49E7-82B3-F6A3DCBB5A2F}.Debug|x64.Deploy.0 = Debug|x64
		{D13B2B95-49CA-49E7-82B3-F6A3DCBB5A2F}.Debug|x86.ActiveCfg = Debug|x86
		{D13B2B95-49CA-49E7-82B3-F6A3DCBB5A2F}.Debug|x86.Build.0 = Debug|x86
		{D13B2B95-49CA-49E7-82B3-F6A3DCBB5A2F}.Debug|x86.Deploy.0 = Debug|x86
		{D13B2B95-49CA-49E7-82B3-F6A3DCBB5A2F}.Release|ARM.ActiveCfg = Release|ARM
		{D13B2B95-49CA-49E7-82B3-F6A3DCBB5A2F}.Release|ARM.Build.0 = Release|ARM
		{D13B2B95-49CA-49E7-82B3-F6A3DCBB5A2F}.Release|ARM.Deploy.0 = Release|ARM
		{D13B2B95-49CA-49E7-82B3-F6A3DCBB5A2F}.Release|x64.ActiveCfg = Release|x64
		{D13B2B95-49CA-49E7-82B3-F6A3DCBB5A2F}.Release|x64.Build.0 = Release|x64
		{D13B2B95-49CA-49E7-82B3-F6A3DCBB5A2F}.Release|x64.Deploy.0 = Release|x64
		{D13B2B95-49CA-49E7-82B3-F6A3DCBB5A2F}.Release|x86.ActiveCfg = Release|x86
		{D13B2B95-49CA-49E7-82B3-F6A3DCBB5A2F}.Release|x86.Build.0 = Release|x86
		{D13B2B95-49CA-49E7-82B3-F6A3DCBB5A2F}.Release|x86.Deploy.0 = Release|x86
		{32F1A0DA-320E-401C-ABAB-4573202FE478}.Debug|ARM.ActiveCfg = Debug|ARM
		{32F1A0DA-320E-401C-ABAB-4573202FE478}.Debug|ARM.Build.0 = Debug|ARM
		{32F1A0DA-320E-401C-ABAB-4573202FE478}.Debug|ARM.Deploy.0 = Debug|ARM
		{32F1A0DA-320E-401C-ABAB-4573202FE478}.Debug|x64.ActiveCfg = Debug|x64
		{32F1A0DA-320E-401C-ABAB-4573202FE478}.Debug|x64.Build.0 = Debug|x64
		{32F1A0DA-320E-401C-ABAB-4573202FE478}.Debug|x64.Deploy.0 = Debug|x64
		{32F1A0DA-320E-401C-ABAB-4573202FE478}.Debug|x86.ActiveCfg = Debug|x86
		{32F1A0DA-320E-401C-ABAB-4573202FE478}.Debug|x86.Build.0 = Debug|x86
		{32F1A0DA-320E-401C-ABAB-4573202FE478}.Debug|x86.Deploy.0 = Debug|x86
		{32F1A0DA-320E-401C-ABAB-4573202FE478}.Release|ARM.ActiveCfg = Release|ARM
		{32F1A0DA-320E-401C-ABAB-4573202FE478}.Release|ARM.Build.0 = Release|ARM
		{32F1A0DA-320E-401C-ABAB-4573202FE478}.Release|ARM.Deploy.0 = Release|ARM
		{32F1A0DA-320E-401C-ABAB-4573202FE478}.Release|x64.ActiveCfg = Release|x64
		{32F1A0DA-320E-401C-ABAB-4573202FE478}.Release|x64.Build.0 = Release|x64
		{32F1A0DA-320E-401C-ABAB-4573202FE478}.Release|x64.Deploy.0 = Release|x64
		{32F1A0DA-320E-401C-ABAB-4573202FE478}.Release|x86.ActiveCfg = Release|x86
		{32F1A0DA-320E-401C-ABAB-4573202FE478}.Release|x86.Build.0 = Release|x86
		{32F1A0DA-320E-401C-ABAB-4573202FE478}.Release|x86.Deploy.0 = Release|x86
		{B1FCA5D9-A67E-456C-AE56-3CEBAAF9E3BA}.Debug|ARM.ActiveCfg = Debug|ARM
		{B1FCA5D9-A67E-456C-AE56-3CEBAAF9E3BA}.Debug|ARM.Build.0 = Debug|ARM
		{B1FCA5D9-A67E-456C-AE56-3CEBAAF9E3BA}.Debug|ARM.Deploy.0 = Debug|ARM
		{B1FCA5D9-A67E-456C-AE56-3CEBAAF9E3BA}.Debug|x64.ActiveCfg = Debug|x64
		{B1FCA5D9-A67E-456C-AE56-3CEBAAF9E3BA}.Debug|x64.Build.0 = Debug|x64
		{B1FCA5D9-A67E-456C-AE56-3CEBAAF9E3BA}.Debug|x64.Deploy.0 = Debug|x64
		{B1FCA5D9-A67E-456C-AE56-3CEBAAF9E3BA}.Debug|x86.ActiveCfg = Debug|x86
		{B1FCA5D9-A67E-456C-AE56-3CEBAAF9E3BA}.Debug|x86.Build.0 = Debug|x86
		{B1FCA5D9-A67E-456C-AE56-3CEBAAF9E3BA}.Debug|x86.Deploy.0 = Debug|x86
		{B1FCA5D9-A67E-456C-AE56-3CEBAAF9E3BA}.Release|ARM.ActiveCfg = Release|ARM
		{B1FCA5D9-A67E-456C-AE56-3CEBAAF9E3BA}.Release|ARM.Build.0 = Release|ARM
		{B1FCA5D9-A67E-456C-AE56-3CEBAAF9E3BA}.Release|ARM.Deploy.0 = Release|ARM
		{B1FCA5D9-A67E-456C-AE56-3CEBAAF9E3BA}.Release|x64.ActiveCfg = Release|x64
		{B1FCA5D9-A67E-456C-AE56-3CEBAAF9E3BA}.Release|x64.Build.0 = Release|x64
		{B1FCA5D9-A67E-456C-AE56-3CEBAAF9E3BA}.Release|x64.Deploy.0 = Release|x64
		{B1FCA5D9-A67E-456C-AE56-3CEBAAF9E3BA}.Release|x86.ActiveCfg = Release|x86
		{B1FCA5D9-A67E-456C-AE56-3CEBAAF9E3BA}.Release|x86.Build.0 = Release|x86
		{B1FCA5D9-A67E-456C-AE56-3CEBAAF9E3BA}.Release|x86.Deploy.0 = Release|x86
		{D81C7F78-80C1-4AFC-9B8A-36D29C726AC9}.Debug|ARM.ActiveCfg = Debug|ARM
		{D81C7F78-80C1-4AFC-9B8A-36D29C726AC9}.Debug|ARM.Build.0 = Debug|ARM
		{D81C7F78-80C1-4AFC-9B8A-36D29C726AC9}.Debug|ARM.Deploy.0 = Debug|ARM
		{D81C7F78-80C1-4AFC-9B8A-36D29C726AC9}.Debug|x64.ActiveCfg = Debug|x64
		{D81C7F78-80C1-4AFC-9B8A-36D29C726AC9}.Debug|x64.Build.0 = Debug|x64
		{D81C7F78-80C1-4AFC-9B8A-36D29C726AC9}.Debug|x64.Deploy.0 = Debug|x64
		{D81C7F78-80C1-4AFC-9B8A-36D29C726AC9}.Debug|x86.ActiveCfg = Debug|x86
		{D81C7F78-80C1-4AFC-9B8A-36D29C726AC9}.Debug|x86.Build.0 = Debug|x86
		{D81C7F78-80C1-4AFC-9B8A-36D29C726AC9}.Debug|x86.Deploy.0 = Debug|x86
		{D81C7F78-80C1-4AFC-9B8A-36D29C726AC9}.Release|ARM.ActiveCfg = Release|ARM
		{D81C7F78-80C1-4AFC-9B8A-36D29C726AC9}.Release|ARM.Build.0 = Release|ARM
		{D81C7F78-80C1-4AFC-9B8A-36D29C726AC9}.Release|ARM.Deploy.0 = Release|ARM
		{D81C7F78-80C1-4AFC-9B8A-36D29C726AC9}.Release|x64.ActiveCfg = Release|x64
		{D81C7F78-80C1-4AFC-9B8A-36D29C726AC9}.Release|x64.Build.0 = Release|x64
		{D81C7F78-80C1-4AFC-9B8A-36D29C726AC9}.Release|x64.Deploy.0 = Release|x64
		{D81C7F78-80C1-4AFC-9B8A-36D29C726AC9}.Release|x86.ActiveCfg = Release|x86
		{D81C7F78-80C1-4AFC-9B8A-36D29C726AC9}.Release|x86.Build.0 = Release|x86
		{D81C7F78-80C1-4AFC-9B8A-36D29C726AC9}.Release|x86.Deploy.0 = Release|x86
		{D1F0311D-43BB-407B-8CB2-22DF3756E510}.Debug|ARM.ActiveCfg = Debug|ARM
		{D1F0311D-43BB-407B-8CB2-22DF3756E510}.Debug|ARM.Build.0 = Debug|ARM
		{D1F0311D-43BB-407B-8CB2-22DF3756E510}.Debug|ARM.Deploy.0 = Debug|ARM
		{D1F0311D-43BB-407B-8CB2-22DF3756E510}.Debug|x64.ActiveCfg = Debug|x64
		{D1F0311D-43BB-407B-8CB2-22DF3756E510}.Debug|x64.Build.0 = Debug|x64
		{D1F0311D-43BB-407B-8CB2-22DF3756E510}.Debug|x64.Deploy.0 = Debug|x64
		{D1F0311D-43BB-407B-8CB2-22DF3756E510}.Debug|x86.ActiveCfg = Debug|x86
		{D1F0311D-43BB-407B-8CB2-22DF3756E510}.Debug|x86.Build.0 = Debug|x86
		{D1F0311D-43BB-407B-8CB2-22DF3756E510}.Debug|x86.Deploy.0 = Debug|x86
		{D1F0311D-43BB-407B-8CB2-22DF3756E510}.Release|ARM.ActiveCfg = Release|ARM
		{D1F0311D-43BB-407B-8CB2-22DF3756E510}.Release|ARM.Build.0 = Release|ARM
		{D1F0311D-43BB-407B-8CB2-22DF3756E510}.Release|ARM.Deploy.0 = Release|ARM
		{D1F0311D-43BB-407B-8CB2-22DF3756E510}.Release|x64.ActiveCfg = Release|x64
		{D1F0311D-43BB-407B-8CB2-22DF3756E510}.Release|x64.Build.0 = Release|x64
		{D1F0311D-43BB-407B-8CB2-22DF3756E510}.Release|x64.Deploy.0 = Release|x64
		{D1F0311D-43BB-407B-8CB2-22DF3756E510}.Release|x86.ActiveCfg = Release|x86
		{D1F0311D-43BB-407B-8CB2-22DF3756E510}.Release|x86.Build.0 = Release|x86
		{D1F0311D-43BB-407B-8CB2-22DF3756E510}.Release|x86.Deploy.0 = Release|x86
		{CD79F954-D2A0-4E5E-95EE-E46273AF9B0A}.Debug|ARM.ActiveCfg = Debug|ARM
		{CD79F954-D2A0-4E5E-95EE-E46273AF9B0A}.Debug|ARM.Build.0 = Debug|ARM
		{CD79F954-D2A0-4E5E-95EE-E46273AF9B0A}.Debug|ARM.Deploy.0 = Debug|ARM
		{CD79F954-D2A0-4E5E-95EE-E46273AF9B0A}.Debug|x64.ActiveCfg = Debug|x64
		{CD79F954-D2A0-4E5E-95EE-E46273AF9B0A}.Debug|x64.Build.0 = Debug|x64
		{CD79F954-D2A0-4E5E-95EE-E46273AF9B0A}.Debug|x64.Deploy.0 = Debug|x64
		{CD79F954-D2A0-4E5E-95EE-E46273AF9B0A}.Debug|x86.ActiveCfg = Debug|x86
		{CD79F954-D2A0-4E5E-95EE-E46273AF9B0A}.Debug|x86.Build.0 = Debug|x86
		{CD79F954-D2A0-4E5E-95EE-E46273AF9B0A}.Debug|x86.Deploy.0 = Debug|x86
		{CD79F954-D2A0-4E5E-95EE-E46273AF9B0A}.Release|ARM.ActiveCfg = Release|ARM
		{CD79F954-D2A0-4E5E-95EE-E46273AF9B0A}.Release|ARM.Build.0 = Release|ARM
		{CD79F954-D2A0-4E5E-95EE-E46273AF9B0A}.Release|ARM.Deploy.0 = Release|ARM
		{CD79F954-D2A0-4E5E-95EE-E46273AF9B0A}.Release|x64.ActiveCfg = Release|x64
		{CD79F954-D2A0-4E5E-95EE-E46273AF9B0A}.Release|x64.Build.0 = Release|x64
		{CD79F954-D2A0-4E5E-95EE-E46273AF9B0A}.Release|x64.Deploy.0 = Release|x64
		{CD79F954-D2A0-4E5E-95EE-E46273AF9B0A}.Release|x86.ActiveCfg = Release|x86
		{CD79F954-D2A0-4E5E-95EE-E46273AF9B0A}.Release|x86.Build.0 = Release|x86
		{CD79F954-D2A0-4E5E-95EE-E46273AF9B0A}.Release|x86.Deploy.0 = Release|x86
		{972BD4F5-C294-40C8-8307-486CD5979F86}.Debug|ARM.ActiveCfg = Debug|ARM
		{972BD4F5-C294-40C8-8307-486CD5979F86}.Debug|ARM.Build.0 = Debug|ARM
		{972BD4F5-C294-40C8-8307-486CD5979F86}.Debug|ARM.Deploy.0 = Debug|ARM
		{972BD4F5-C294-40C8-8307-486CD5979F86}.Debug|x64.ActiveCfg = Debug|x64
		{972BD4F5-C294-40C8-8307-486CD5979F86}.Debug|x64.Build.0 = Debug|x64
		{972BD4F5-C294-40C8-8307-486CD5979F86}.Debug|x64.Deploy.0 = Debug|x64
		{972BD4F5-C294-40C8-8307-486CD5979F86}.Debug|x86.ActiveCfg = Debug|x86
		{972BD4F5-C294-40C8-8307-486CD5979F86}.Debug|x86.Build.0 = Debug|x86
		{972BD4F5-C294-40C8-8307-486CD5979F86}.Debug|x86.Deploy.0 = Debug|x86
		{972BD4F5-C294-40C8-8307-486CD5979F86}.Release|ARM.ActiveCfg = Release|ARM
		{972BD4F5-C294-40C8-8307-486CD5979F86}.Release|ARM.Build.0 = Release|ARM
		{972BD4F5-C294-40C8-8307-486CD5979F86}.Release|ARM.Deploy.0 = Release|ARM
		{972BD4F5-C294-40C8-8307-486CD5979F86}.Release|x64.ActiveCfg = Release|x64
		{972BD4F5-C294-40C8-8307-486CD5979F86}.Release|x64.Build.0 = Release|x64
		{972BD4F5-C294-40C8-8307-486CD5979F86}.Release|x64.Deploy.0 = Release|x64
		{972BD4F5-C294-40C8-8307-486CD5979F86}.Release|x86.ActiveCfg = Release|x86
		{972BD4F5-C294-40C8-8307-486CD5979F86}.Release|x86.Build.0 = Release|x86
		{972BD4F5-C294-40C8-8307-486CD5979F86}.Release|x86.Deploy.0 = Release|x86
		{A3126C0A-0530-4BB6-A0E5-1565EAAB3CD2}.Debug|ARM.ActiveCfg = Debug|ARM
		{A3126C0A-0530-4BB6-A0E5-1565EAAB3CD2}.Debug|ARM.Build.0 = Debug|ARM
		{A3126C0A-0530-4BB6-A0E5-1565EAAB3CD2}.Debug|ARM.Deploy.0 = Debug|ARM
		{A3126C0A-0530-4BB6-A0E5-1565EAAB3CD2}.Debug|x64.ActiveCfg = Debug|x64
		{A3126C0A-0530-4BB6-A0E5-1565EAAB3CD2}.Debug|x64.Build.0 = Debug|x64
		{A3126C0A-0530-4BB6-A0E5-1565EAAB3CD2}.Debug|x64.Deploy.0 = Debug|x64
		{A3126C0A-0530-4BB6-A0E5-1565EAAB3CD2}.Debug|x86.ActiveCfg = Debug|x86
		{A3126C0A-0530-4BB6-A0E5-1565EAAB3CD2}.Debug|x86.Build.0 = Debug|x86
		{A3126C0A-0530-4BB6-A0E5-1565EAAB3CD2}.Debug|x86.Deploy.0 = Debug|x86
		{A3126C0A-0530-4BB6-A0E5-1565EAAB3CD2}.Release|ARM.ActiveCfg = Release|ARM
		{A3126C0A-0530-4BB6-A0E5-1565EAAB3CD2}.Release|ARM.Build.0 = Release|ARM
		{A3126C0A-0530-4BB6-A0E5-1565EAAB3CD2}.Release|ARM.Deploy.0 = Release|ARM
		{A3126C0A-0530-4BB6-A0E5-1565EAAB3CD2}.Release|x64.ActiveCfg = Release|x64
		{A3126C0A-0530-4BB6-A0E5-1565EAAB3CD2}.Release|x64.Build.0 = Release|x64
		{A3126C0A-0530-4BB6-A0E5-1565EAAB3CD2}.Release|x64.Deploy.0 = Release|x64
		{A3126C0A-0530-4BB6-A0E5-1565EAAB3CD2}.Release|x86.ActiveCfg = Release|x86
		{A3126C0A-0530-4BB6-A0E5-1565EAAB3CD2}.Release|x86.Build.0 = Release|x86
		{A3126C0A-0530-4BB6-A0E5-1565EAAB3CD2}.Release|x86.Deploy.0 = Release|x86
	EndGlobalSection
	GlobalSection(SolutionProperties) = preSolution
		HideSolutionNode = FALSE
	EndGlobalSection
	GlobalSection(ExtensibilityGlobals) = postSolution
		SolutionGuid = {122DD3D4-FF1F-4A5F-802A-435B57E4B3FD}
	EndGlobalSection
EndGlobal
